
Microsoft Visual Studio Solution File, Format Version 12.00
# Visual Studio Version 17
VisualStudioVersion = 17.9.34728.123
MinimumVisualStudioVersion = 10.0.40219.1
Project("{FAE04EC0-301F-11D3-BF4B-00C04F79EFBC}") = "SpecFlowProject", "SpecFlowProject.csproj", "{36C0AA3C-0C90-421E-8EE2-0B23C13421C6}"
EndProject
Global
	GlobalSection(SolutionConfigurationPlatforms) = preSolution
		Debug|Any CPU = Debug|Any CPU
		Release|Any CPU = Release|Any CPU
	EndGlobalSection
	GlobalSection(ProjectConfigurationPlatforms) = postSolution
		{36C0AA3C-0C90-421E-8EE2-0B23C13421C6}.Debug|Any CPU.ActiveCfg = Debug|Any CPU
		{36C0AA3C-0C90-421E-8EE2-0B23C13421C6}.Debug|Any CPU.Build.0 = Debug|Any CPU
		{36C0AA3C-0C90-421E-8EE2-0B23C13421C6}.Release|Any CPU.ActiveCfg = Release|Any CPU
		{36C0AA3C-0C90-421E-8EE2-0B23C13421C6}.Release|Any CPU.Build.0 = Release|Any CPU
	EndGlobalSection
	GlobalSection(SolutionProperties) = preSolution
		HideSolutionNode = FALSE
	EndGlobalSection
	GlobalSection(ExtensibilityGlobals) = postSolution
		SolutionGuid = {A43195F0-7914-4BDE-8C60-C73AF603D88B}
	EndGlobalSection
EndGlobal
